
Microsoft Visual Studio Solution File, Format Version 12.00
# Visual Studio Version 18
VisualStudioVersion = 18.1.11312.151 d18.0
MinimumVisualStudioVersion = 10.0.40219.1
Project("{FAE04EC0-301F-11D3-BF4B-00C04F79EFBC}") = "MantenimientoEquipos", "MantenimientoEquipos.csproj", "{8EE9CBE2-72F5-BD91-61E4-2A951A66F79C}"
EndProject
Global
	GlobalSection(SolutionConfigurationPlatforms) = preSolution
		Debug|Any CPU = Debug|Any CPU
		Release|Any CPU = Release|Any CPU
	EndGlobalSection
	GlobalSection(ProjectConfigurationPlatforms) = postSolution
		{8EE9CBE2-72F5-BD91-61E4-2A951A66F79C}.Debug|Any CPU.ActiveCfg = Debug|Any CPU
		{8EE9CBE2-72F5-BD91-61E4-2A951A66F79C}.Debug|Any CPU.Build.0 = Debug|Any CPU
		{8EE9CBE2-72F5-BD91-61E4-2A951A66F79C}.Release|Any CPU.ActiveCfg = Release|Any CPU
		{8EE9CBE2-72F5-BD91-61E4-2A951A66F79C}.Release|Any CPU.Build.0 = Release|Any CPU
	EndGlobalSection
	GlobalSection(SolutionProperties) = preSolution
		HideSolutionNode = FALSE
	EndGlobalSection
	GlobalSection(ExtensibilityGlobals) = postSolution
		SolutionGuid = {7D0E27B0-4E62-4D7D-824B-F73E9F1137FC}
	EndGlobalSection
EndGlobal
